# THIS IS AN AUTOGENERATED FILE. DO NOT EDIT THIS FILE DIRECTLY.
# yarn lockfile v1


"@types/node@^12.7.5":
  version "12.7.5"
  resolved "https://registry.yarnpkg.com/@types/node/-/node-12.7.5.tgz#e19436e7f8e9b4601005d73673b6dc4784ffcc2f"

event-lite@^0.1.1:
  version "0.1.2"
  resolved "https://registry.yarnpkg.com/event-lite/-/event-lite-0.1.2.tgz#838a3e0fdddef8cc90f128006c8e55a4e4e4c11b"

ieee754@^1.1.8:
  version "1.1.13"
  resolved "https://registry.yarnpkg.com/ieee754/-/ieee754-1.1.13.tgz#ec168558e95aa181fd87d37f55c32bbcb6708b84"

int64-buffer@^0.1.9:
  version "0.1.10"
  resolved "https://registry.yarnpkg.com/int64-buffer/-/int64-buffer-0.1.10.tgz#277b228a87d95ad777d07c13832022406a473423"

isarray@^1.0.0:
  version "1.0.0"
  resolved "https://registry.yarnpkg.com/isarray/-/isarray-1.0.0.tgz#bb935d48582cba168c06834957a54a3e07124f11"

msgpack-lite@^0.1.26:
  version "0.1.26"
  resolved "https://registry.yarnpkg.com/msgpack-lite/-/msgpack-lite-0.1.26.tgz#dd3c50b26f059f25e7edee3644418358e2a9ad89"
  dependencies:
    event-lite "^0.1.1"
    ieee754 "^1.1.8"
    int64-buffer "^0.1.9"
    isarray "^1.0.0"
